
Microsoft Visual Studio Solution File, Format Version 12.00
# Visual Studio Version 16
VisualStudioVersion = 16.0.28922.388
MinimumVisualStudioVersion = 10.0.40219.1
Project("{FAE04EC0-301F-11D3-BF4B-00C04F79EFBC}") = "InvvardDev.EZLayoutDisplay.Desktop", "InvvardDev.EZLayoutDisplay.Desktop\InvvardDev.EZLayoutDisplay.Desktop.csproj", "{F12B94C1-40E4-429C-8EDE-5C410BE81FAF}"
EndProject
Project("{FAE04EC0-301F-11D3-BF4B-00C04F79EFBC}") = "InvvardDev.EZLayoutDisplay.Tests", "InvvardDev.EZLayoutDisplay.Tests\InvvardDev.EZLayoutDisplay.Tests.csproj", "{82704A9A-B010-4A00-8CF4-00D33F4E23DF}"
EndProject
Project("{FAE04EC0-301F-11D3-BF4B-00C04F79EFBC}") = "InvvardDev.EZLayoutDisplay.Console", "InvvardDev.EZLayoutDisplay.Console\InvvardDev.EZLayoutDisplay.Console.csproj", "{CC579192-C568-42B4-969C-445D5F0D79E1}"
EndProject
Project("{2150E333-8FDC-42A3-9474-1A3956D46DE8}") = "Plugins", "Plugins", "{C6B7D7C3-9B69-4AB0-B285-DB90B59CEBF3}"
EndProject
Project("{FAE04EC0-301F-11D3-BF4B-00C04F79EFBC}") = "InvvardDev.EZLayoutDisplay.Plugin.ErgoDoxEz", "plugins\InvvardDev.EZLayoutDisplay.Plugin.ErgoDoxEz\InvvardDev.EZLayoutDisplay.Plugin.ErgoDoxEz.csproj", "{34392DD3-7720-4FCA-8E41-4135DD2F4E06}"
EndProject
Project("{9A19103F-16F7-4668-BE54-9A1E7A4F7556}") = "InvvardDev.EZLayoutDisplay.PluginContract", "plugins\InvvardDev.EZLayoutDisplay.PluginContract\InvvardDev.EZLayoutDisplay.PluginContract.csproj", "{8B9ED53F-1A7E-44B4-A3BA-3D997B255E5B}"
EndProject
Project("{FAE04EC0-301F-11D3-BF4B-00C04F79EFBC}") = "InvvardDev.EZLayoutDisplay.Plugin.CommonZsa", "plugins\InvvardDev.EZLayoutDisplay.Plugin.CommonZsa\InvvardDev.EZLayoutDisplay.Plugin.CommonZsa.csproj", "{74216B33-5A36-4B7F-8450-D3F98F980162}"
EndProject
Global
	GlobalSection(SolutionConfigurationPlatforms) = preSolution
		Debug|Any CPU = Debug|Any CPU
		Release|Any CPU = Release|Any CPU
	EndGlobalSection
	GlobalSection(ProjectConfigurationPlatforms) = postSolution
		{F12B94C1-40E4-429C-8EDE-5C410BE81FAF}.Debug|Any CPU.ActiveCfg = Debug|Any CPU
		{F12B94C1-40E4-429C-8EDE-5C410BE81FAF}.Debug|Any CPU.Build.0 = Debug|Any CPU
		{F12B94C1-40E4-429C-8EDE-5C410BE81FAF}.Release|Any CPU.ActiveCfg = Release|Any CPU
		{F12B94C1-40E4-429C-8EDE-5C410BE81FAF}.Release|Any CPU.Build.0 = Release|Any CPU
		{82704A9A-B010-4A00-8CF4-00D33F4E23DF}.Debug|Any CPU.ActiveCfg = Debug|Any CPU
		{82704A9A-B010-4A00-8CF4-00D33F4E23DF}.Debug|Any CPU.Build.0 = Debug|Any CPU
		{82704A9A-B010-4A00-8CF4-00D33F4E23DF}.Release|Any CPU.ActiveCfg = Release|Any CPU
		{82704A9A-B010-4A00-8CF4-00D33F4E23DF}.Release|Any CPU.Build.0 = Release|Any CPU
		{CC579192-C568-42B4-969C-445D5F0D79E1}.Debug|Any CPU.ActiveCfg = Debug|Any CPU
		{CC579192-C568-42B4-969C-445D5F0D79E1}.Debug|Any CPU.Build.0 = Debug|Any CPU
		{CC579192-C568-42B4-969C-445D5F0D79E1}.Release|Any CPU.ActiveCfg = Release|Any CPU
		{CC579192-C568-42B4-969C-445D5F0D79E1}.Release|Any CPU.Build.0 = Release|Any CPU
		{34392DD3-7720-4FCA-8E41-4135DD2F4E06}.Debug|Any CPU.ActiveCfg = Debug|Any CPU
		{34392DD3-7720-4FCA-8E41-4135DD2F4E06}.Debug|Any CPU.Build.0 = Debug|Any CPU
		{34392DD3-7720-4FCA-8E41-4135DD2F4E06}.Release|Any CPU.ActiveCfg = Release|Any CPU
		{34392DD3-7720-4FCA-8E41-4135DD2F4E06}.Release|Any CPU.Build.0 = Release|Any CPU
		{8B9ED53F-1A7E-44B4-A3BA-3D997B255E5B}.Debug|Any CPU.ActiveCfg = Debug|Any CPU
		{8B9ED53F-1A7E-44B4-A3BA-3D997B255E5B}.Debug|Any CPU.Build.0 = Debug|Any CPU
		{8B9ED53F-1A7E-44B4-A3BA-3D997B255E5B}.Release|Any CPU.ActiveCfg = Release|Any CPU
		{8B9ED53F-1A7E-44B4-A3BA-3D997B255E5B}.Release|Any CPU.Build.0 = Release|Any CPU
		{74216B33-5A36-4B7F-8450-D3F98F980162}.Debug|Any CPU.ActiveCfg = Debug|Any CPU
		{74216B33-5A36-4B7F-8450-D3F98F980162}.Debug|Any CPU.Build.0 = Debug|Any CPU
		{74216B33-5A36-4B7F-8450-D3F98F980162}.Release|Any CPU.ActiveCfg = Release|Any CPU
		{74216B33-5A36-4B7F-8450-D3F98F980162}.Release|Any CPU.Build.0 = Release|Any CPU
	EndGlobalSection
	GlobalSection(SolutionProperties) = preSolution
		HideSolutionNode = FALSE
	EndGlobalSection
	GlobalSection(NestedProjects) = preSolution
		{34392DD3-7720-4FCA-8E41-4135DD2F4E06} = {C6B7D7C3-9B69-4AB0-B285-DB90B59CEBF3}
		{8B9ED53F-1A7E-44B4-A3BA-3D997B255E5B} = {C6B7D7C3-9B69-4AB0-B285-DB90B59CEBF3}
		{74216B33-5A36-4B7F-8450-D3F98F980162} = {C6B7D7C3-9B69-4AB0-B285-DB90B59CEBF3}
	EndGlobalSection
	GlobalSection(ExtensibilityGlobals) = postSolution
		SolutionGuid = {406F70FE-BC56-4CD8-A3C2-FDFF31BC75DD}
	EndGlobalSection
EndGlobal
